// !$*UTF8*$!
{
	archiveVersion = 1;
	classes = {
	};
	objectVersion = 56;
	objects = {

/* Begin PBXBuildFile section */
		9E91AE312A5FC91700465E93 /* metallstroyAlmatyApp.swift in Sources */ = {isa = PBXBuildFile; fileRef = 9E91AE302A5FC91700465E93 /* metallstroyAlmatyApp.swift */; };
		9E91AE332A5FC91700465E93 /* ContentView.swift in Sources */ = {isa = PBXBuildFile; fileRef = 9E91AE322A5FC91700465E93 /* ContentView.swift */; };
		9E91AE352A5FC91800465E93 /* Assets.xcassets in Resources */ = {isa = PBXBuildFile; fileRef = 9E91AE342A5FC91800465E93 /* Assets.xcassets */; };
		9E91AE382A5FC91800465E93 /* Preview Assets.xcassets in Resources */ = {isa = PBXBuildFile; fileRef = 9E91AE372A5FC91800465E93 /* Preview Assets.xcassets */; };
		9E91AE402A5FCA5900465E93 /* ViewCompany.swift in Sources */ = {isa = PBXBuildFile; fileRef = 9E91AE3F2A5FCA5900465E93 /* ViewCompany.swift */; };
		9E91AE422A5FCA8B00465E93 /* ViewServices.swift in Sources */ = {isa = PBXBuildFile; fileRef = 9E91AE412A5FCA8B00465E93 /* ViewServices.swift */; };
		9E91AE442A5FCAA400465E93 /* ViewDelivery.swift in Sources */ = {isa = PBXBuildFile; fileRef = 9E91AE432A5FCAA400465E93 /* ViewDelivery.swift */; };
		9E91AE462A5FCAB800465E93 /* ViewWorks.swift in Sources */ = {isa = PBXBuildFile; fileRef = 9E91AE452A5FCAB800465E93 /* ViewWorks.swift */; };
		9E91AE482A5FCB0200465E93 /* ViewContacts.swift in Sources */ = {isa = PBXBuildFile; fileRef = 9E91AE472A5FCB0200465E93 /* ViewContacts.swift */; };
/* End PBXBuildFile section */

/* Begin PBXFileReference section */
		9E91AE2D2A5FC91700465E93 /* metallstroyAlmaty.app */ = {isa = PBXFileReference; explicitFileType = wrapper.application; includeInIndex = 0; path = metallstroyAlmaty.app; sourceTree = BUILT_PRODUCTS_DIR; };
		9E91AE302A5FC91700465E93 /* metallstroyAlmatyApp.swift */ = {isa = PBXFileReference; lastKnownFileType = sourcecode.swift; path = metallstroyAlmatyApp.swift; sourceTree = "<group>"; };
		9E91AE322A5FC91700465E93 /* ContentView.swift */ = {isa = PBXFileReference; lastKnownFileType = sourcecode.swift; path = ContentView.swift; sourceTree = "<group>"; };
		9E91AE342A5FC91800465E93 /* Assets.xcassets */ = {isa = PBXFileReference; lastKnownFileType = folder.assetcatalog; path = Assets.xcassets; sourceTree = "<group>"; };
		9E91AE372A5FC91800465E93 /* Preview Assets.xcassets */ = {isa = PBXFileReference; lastKnownFileType = folder.assetcatalog; path = "Preview Assets.xcassets"; sourceTree = "<group>"; };
		9E91AE3F2A5FCA5900465E93 /* ViewCompany.swift */ = {isa = PBXFileReference; lastKnownFileType = sourcecode.swift; path = ViewCompany.swift; sourceTree = "<group>"; };
		9E91AE412A5FCA8B00465E93 /* ViewServices.swift */ = {isa = PBXFileReference; lastKnownFileType = sourcecode.swift; path = ViewServices.swift; sourceTree = "<group>"; };
		9E91AE432A5FCAA400465E93 /* ViewDelivery.swift */ = {isa = PBXFileReference; lastKnownFileType = sourcecode.swift; path = ViewDelivery.swift; sourceTree = "<group>"; };
		9E91AE452A5FCAB800465E93 /* ViewWorks.swift */ = {isa = PBXFileReference; lastKnownFileType = sourcecode.swift; path = ViewWorks.swift; sourceTree = "<group>"; };
		9E91AE472A5FCB0200465E93 /* ViewContacts.swift */ = {isa = PBXFileReference; lastKnownFileType = sourcecode.swift; path = ViewContacts.swift; sourceTree = "<group>"; };
/* End PBXFileReference section */

/* Begin PBXFrameworksBuildPhase section */
		9E91AE2A2A5FC91700465E93 /* Frameworks */ = {
			isa = PBXFrameworksBuildPhase;
			buildActionMask = 2147483647;
			files = (
			);
			runOnlyForDeploymentPostprocessing = 0;
		};
/* End PBXFrameworksBuildPhase section */

/* Begin PBXGroup section */
		9E91AE242A5FC91700465E93 = {
			isa = PBXGroup;
			children = (
				9E91AE2F2A5FC91700465E93 /* metallstroyAlmaty */,
				9E91AE2E2A5FC91700465E93 /* Products */,
			);
			sourceTree = "<group>";
		};
		9E91AE2E2A5FC91700465E93 /* Products */ = {
			isa = PBXGroup;
			children = (
				9E91AE2D2A5FC91700465E93 /* metallstroyAlmaty.app */,
			);
			name = Products;
			sourceTree = "<group>";
		};
		9E91AE2F2A5FC91700465E93 /* metallstroyAlmaty */ = {
			isa = PBXGroup;
			children = (
				9E91AE3E2A5FC98900465E93 /* Views */,
				9E91AE302A5FC91700465E93 /* metallstroyAlmatyApp.swift */,
				9E91AE322A5FC91700465E93 /* ContentView.swift */,
				9E91AE342A5FC91800465E93 /* Assets.xcassets */,
				9E91AE362A5FC91800465E93 /* Preview Content */,
			);
			path = metallstroyAlmaty;
			sourceTree = "<group>";
		};
		9E91AE362A5FC91800465E93 /* Preview Content */ = {
			isa = PBXGroup;
			children = (
				9E91AE372A5FC91800465E93 /* Preview Assets.xcassets */,
			);
			path = "Preview Content";
			sourceTree = "<group>";
		};
		9E91AE3E2A5FC98900465E93 /* Views */ = {
			isa = PBXGroup;
			children = (
				9E91AE3F2A5FCA5900465E93 /* ViewCompany.swift */,
				9E91AE412A5FCA8B00465E93 /* ViewServices.swift */,
				9E91AE432A5FCAA400465E93 /* ViewDelivery.swift */,
				9E91AE452A5FCAB800465E93 /* ViewWorks.swift */,
				9E91AE472A5FCB0200465E93 /* ViewContacts.swift */,
			);
			path = Views;
			sourceTree = "<group>";
		};
/* End PBXGroup section */

/* Begin PBXNativeTarget section */
		9E91AE2C2A5FC91700465E93 /* metallstroyAlmaty */ = {
			isa = PBXNativeTarget;
			buildConfigurationList = 9E91AE3B2A5FC91800465E93 /* Build configuration list for PBXNativeTarget "metallstroyAlmaty" */;
			buildPhases = (
				9E91AE292A5FC91700465E93 /* Sources */,
				9E91AE2A2A5FC91700465E93 /* Frameworks */,
				9E91AE2B2A5FC91700465E93 /* Resources */,
			);
			buildRules = (
			);
			dependencies = (
			);
			name = metallstroyAlmaty;
			productName = metallstroyAlmaty;
			productReference = 9E91AE2D2A5FC91700465E93 /* metallstroyAlmaty.app */;
			productType = "com.apple.product-type.application";
		};
/* End PBXNativeTarget section */

/* Begin PBXProject section */
		9E91AE252A5FC91700465E93 /* Project object */ = {
			isa = PBXProject;
			attributes = {
				BuildIndependentTargetsInParallel = 1;
				LastSwiftUpdateCheck = 1430;
				LastUpgradeCheck = 1430;
				TargetAttributes = {
					9E91AE2C2A5FC91700465E93 = {
						CreatedOnToolsVersion = 14.3.1;
					};
				};
			};
			buildConfigurationList = 9E91AE282A5FC91700465E93 /* Build configuration list for PBXProject "metallstroyAlmaty" */;
			compatibilityVersion = "Xcode 14.0";
			developmentRegion = en;
			hasScannedForEncodings = 0;
			knownRegions = (
				en,
				Base,
			);
			mainGroup = 9E91AE242A5FC91700465E93;
			productRefGroup = 9E91AE2E2A5FC91700465E93 /* Products */;
			projectDirPath = "";
			projectRoot = "";
			targets = (
				9E91AE2C2A5FC91700465E93 /* metallstroyAlmaty */,
			);
		};
/* End PBXProject section */

/* Begin PBXResourcesBuildPhase section */
		9E91AE2B2A5FC91700465E93 /* Resources */ = {
			isa = PBXResourcesBuildPhase;
			buildActionMask = 2147483647;
			files = (
				9E91AE382A5FC91800465E93 /* Preview Assets.xcassets in Resources */,
				9E91AE352A5FC91800465E93 /* Assets.xcassets in Resources */,
			);
			runOnlyForDeploymentPostprocessing = 0;
		};
/* End PBXResourcesBuildPhase section */

/* Begin PBXSourcesBuildPhase section */
		9E91AE292A5FC91700465E93 /* Sources */ = {
			isa = PBXSourcesBuildPhase;
			buildActionMask = 2147483647;
			files = (
				9E91AE422A5FCA8B00465E93 /* ViewServices.swift in Sources */,
				9E91AE402A5FCA5900465E93 /* ViewCompany.swift in Sources */,
				9E91AE332A5FC91700465E93 /* ContentView.swift in Sources */,
				9E91AE482A5FCB0200465E93 /* ViewContacts.swift in Sources */,
				9E91AE462A5FCAB800465E93 /* ViewWorks.swift in Sources */,
				9E91AE442A5FCAA400465E93 /* ViewDelivery.swift in Sources */,
				9E91AE312A5FC91700465E93 /* metallstroyAlmatyApp.swift in Sources */,
			);
			runOnlyForDeploymentPostprocessing = 0;
		};
/* End PBXSourcesBuildPhase section */

/* Begin XCBuildConfiguration section */
		9E91AE392A5FC91800465E93 /* Debug */ = {
			isa = XCBuildConfiguration;
			buildSettings = {
				ALWAYS_SEARCH_USER_PATHS = NO;
				CLANG_ANALYZER_NONNULL = YES;
				CLANG_ANALYZER_NUMBER_OBJECT_CONVERSION = YES_AGGRESSIVE;
				CLANG_CXX_LANGUAGE_STANDARD = "gnu++20";
				CLANG_ENABLE_MODULES = YES;
				CLANG_ENABLE_OBJC_ARC = YES;
				CLANG_ENABLE_OBJC_WEAK = YES;
				CLANG_WARN_BLOCK_CAPTURE_AUTORELEASING = YES;
				CLANG_WARN_BOOL_CONVERSION = YES;
				CLANG_WARN_COMMA = YES;
				CLANG_WARN_CONSTANT_CONVERSION = YES;
				CLANG_WARN_DEPRECATED_OBJC_IMPLEMENTATIONS = YES;
				CLANG_WARN_DIRECT_OBJC_ISA_USAGE = YES_ERROR;
				CLANG_WARN_DOCUMENTATION_COMMENTS = YES;
				CLANG_WARN_EMPTY_BODY = YES;
				CLANG_WARN_ENUM_CONVERSION = YES;
				CLANG_WARN_INFINITE_RECURSION = YES;
				CLANG_WARN_INT_CONVERSION = YES;
				CLANG_WARN_NON_LITERAL_NULL_CONVERSION = YES;
				CLANG_WARN_OBJC_IMPLICIT_RETAIN_SELF = YES;
				CLANG_WARN_OBJC_LITERAL_CONVERSION = YES;
				CLANG_WARN_OBJC_ROOT_CLASS = YES_ERROR;
				CLANG_WARN_QUOTED_INCLUDE_IN_FRAMEWORK_HEADER = YES;
				CLANG_WARN_RANGE_LOOP_ANALYSIS = YES;
				CLANG_WARN_STRICT_PROTOTYPES = YES;
				CLANG_WARN_SUSPICIOUS_MOVE = YES;
				CLANG_WARN_UNGUARDED_AVAILABILITY = YES_AGGRESSIVE;
				CLANG_WARN_UNREACHABLE_CODE = YES;
				CLANG_WARN__DUPLICATE_METHOD_MATCH = YES;
				COPY_PHASE_STRIP = NO;
				DEBUG_INFORMATION_FORMAT = dwarf;
				ENABLE_STRICT_OBJC_MSGSEND = YES;
				ENABLE_TESTABILITY = YES;
				GCC_C_LANGUAGE_STANDARD = gnu11;
				GCC_DYNAMIC_NO_PIC = NO;
				GCC_NO_COMMON_BLOCKS = YES;
				GCC_OPTIMIZATION_LEVEL = 0;
				GCC_PREPROCESSOR_DEFINITIONS = (
					"DEBUG=1",
					"$(inherited)",
				);
				GCC_WARN_64_TO_32_BIT_CONVERSION = YES;
				GCC_WARN_ABOUT_RETURN_TYPE = YES_ERROR;
				GCC_WARN_UNDECLARED_SELECTOR = YES;
				GCC_WARN_UNINITIALIZED_AUTOS = YES_AGGRESSIVE;
				GCC_WARN_UNUSED_FUNCTION = YES;
				GCC_WARN_UNUSED_VARIABLE = YES;
				IPHONEOS_DEPLOYMENT_TARGET = 16.4;
				MTL_ENABLE_DEBUG_INFO = INCLUDE_SOURCE;
				MTL_FAST_MATH = YES;
				ONLY_ACTIVE_ARCH = YES;
				SDKROOT = iphoneos;
				SWIFT_ACTIVE_COMPILATION_CONDITIONS = DEBUG;
				SWIFT_OPTIMIZATION_LEVEL = "-Onone";
			};
			name = Debug;
		};
		9E91AE3A2A5FC91800465E93 /* Release */ = {
			isa = XCBuildConfiguration;
			buildSettings = {
				ALWAYS_SEARCH_USER_PATHS = NO;
				CLANG_ANALYZER_NONNULL = YES;
				CLANG_ANALYZER_NUMBER_OBJECT_CONVERSION = YES_AGGRESSIVE;
				CLANG_CXX_LANGUAGE_STANDARD = "gnu++20";
				CLANG_ENABLE_MODULES = YES;
				CLANG_ENABLE_OBJC_ARC = YES;
				CLANG_ENABLE_OBJC_WEAK = YES;
				CLANG_WARN_BLOCK_CAPTURE_AUTORELEASING = YES;
				CLANG_WARN_BOOL_CONVERSION = YES;
				CLANG_WARN_COMMA = YES;
				CLANG_WARN_CONSTANT_CONVERSION = YES;
				CLANG_WARN_DEPRECATED_OBJC_IMPLEMENTATIONS = YES;
				CLANG_WARN_DIRECT_OBJC_ISA_USAGE = YES_ERROR;
				CLANG_WARN_DOCUMENTATION_COMMENTS = YES;
				CLANG_WARN_EMPTY_BODY = YES;
				CLANG_WARN_ENUM_CONVERSION = YES;
				CLANG_WARN_INFINITE_RECURSION = YES;
				CLANG_WARN_INT_CONVERSION = YES;
				CLANG_WARN_NON_LITERAL_NULL_CONVERSION = YES;
				CLANG_WARN_OBJC_IMPLICIT_RETAIN_SELF = YES;
				CLANG_WARN_OBJC_LITERAL_CONVERSION = YES;
				CLANG_WARN_OBJC_ROOT_CLASS = YES_ERROR;
				CLANG_WARN_QUOTED_INCLUDE_IN_FRAMEWORK_HEADER = YES;
				CLANG_WARN_RANGE_LOOP_ANALYSIS = YES;
				CLANG_WARN_STRICT_PROTOTYPES = YES;
				CLANG_WARN_SUSPICIOUS_MOVE = YES;
				CLANG_WARN_UNGUARDED_AVAILABILITY = YES_AGGRESSIVE;
				CLANG_WARN_UNREACHABLE_CODE = YES;
				CLANG_WARN__DUPLICATE_METHOD_MATCH = YES;
				COPY_PHASE_STRIP = NO;
				DEBUG_INFORMATION_FORMAT = "dwarf-with-dsym";
				ENABLE_NS_ASSERTIONS = NO;
				ENABLE_STRICT_OBJC_MSGSEND = YES;
				GCC_C_LANGUAGE_STANDARD = gnu11;
				GCC_NO_COMMON_BLOCKS = YES;
				GCC_WARN_64_TO_32_BIT_CONVERSION = YES;
				GCC_WARN_ABOUT_RETURN_TYPE = YES_ERROR;
				GCC_WARN_UNDECLARED_SELECTOR = YES;
				GCC_WARN_UNINITIALIZED_AUTOS = YES_AGGRESSIVE;
				GCC_WARN_UNUSED_FUNCTION = YES;
				GCC_WARN_UNUSED_VARIABLE = YES;
				IPHONEOS_DEPLOYMENT_TARGET = 16.4;
				MTL_ENABLE_DEBUG_INFO = NO;
				MTL_FAST_MATH = YES;
				SDKROOT = iphoneos;
				SWIFT_COMPILATION_MODE = wholemodule;
				SWIFT_OPTIMIZATION_LEVEL = "-O";
				VALIDATE_PRODUCT = YES;
			};
			name = Release;
		};
		9E91AE3C2A5FC91800465E93 /* Debug */ = {
			isa = XCBuildConfiguration;
			buildSettings = {
				ASSETCATALOG_COMPILER_APPICON_NAME = AppIcon;
				ASSETCATALOG_COMPILER_GLOBAL_ACCENT_COLOR_NAME = AccentColor;
				CODE_SIGN_STYLE = Automatic;
				CURRENT_PROJECT_VERSION = 1;
				DEVELOPMENT_ASSET_PATHS = "\"metallstroyAlmaty/Preview Content\"";
				DEVELOPMENT_TEAM = 8JDQM5WDR7;
				ENABLE_PREVIEWS = YES;
				GENERATE_INFOPLIST_FILE = YES;
				INFOPLIST_KEY_UIApplicationSceneManifest_Generation = YES;
				INFOPLIST_KEY_UIApplicationSupportsIndirectInputEvents = YES;
				INFOPLIST_KEY_UILaunchScreen_Generation = YES;
				INFOPLIST_KEY_UISupportedInterfaceOrientations_iPad = "UIInterfaceOrientationPortrait UIInterfaceOrientationPortraitUpsideDown UIInterfaceOrientationLandscapeLeft UIInterfaceOrientationLandscapeRight";
				INFOPLIST_KEY_UISupportedInterfaceOrientations_iPhone = "UIInterfaceOrientationPortrait UIInterfaceOrientationLandscapeLeft UIInterfaceOrientationLandscapeRight";
				LD_RUNPATH_SEARCH_PATHS = (
					"$(inherited)",
					"@executable_path/Frameworks",
				);
				MARKETING_VERSION = 1.0;
				PRODUCT_BUNDLE_IDENTIFIER = com.romerousa.metallstroyAlmaty;
				PRODUCT_NAME = "$(TARGET_NAME)";
				SWIFT_EMIT_LOC_STRINGS = YES;
				SWIFT_VERSION = 5.0;
				TARGETED_DEVICE_FAMILY = "1,2";
			};
			name = Debug;
		};
		9E91AE3D2A5FC91800465E93 /* Release */ = {
			isa = XCBuildConfiguration;
			buildSettings = {
				ASSETCATALOG_COMPILER_APPICON_NAME = AppIcon;
				ASSETCATALOG_COMPILER_GLOBAL_ACCENT_COLOR_NAME = AccentColor;
				CODE_SIGN_STYLE = Automatic;
				CURRENT_PROJECT_VERSION = 1;
				DEVELOPMENT_ASSET_PATHS = "\"metallstroyAlmaty/Preview Content\"";
				DEVELOPMENT_TEAM = 8JDQM5WDR7;
				ENABLE_PREVIEWS = YES;
				GENERATE_INFOPLIST_FILE = YES;
				INFOPLIST_KEY_UIApplicationSceneManifest_Generation = YES;
				INFOPLIST_KEY_UIApplicationSupportsIndirectInputEvents = YES;
				INFOPLIST_KEY_UILaunchScreen_Generation = YES;
				INFOPLIST_KEY_UISupportedInterfaceOrientations_iPad = "UIInterfaceOrientationPortrait UIInterfaceOrientationPortraitUpsideDown UIInterfaceOrientationLandscapeLeft UIInterfaceOrientationLandscapeRight";
				INFOPLIST_KEY_UISupportedInterfaceOrientations_iPhone = "UIInterfaceOrientationPortrait UIInterfaceOrientationLandscapeLeft UIInterfaceOrientationLandscapeRight";
				LD_RUNPATH_SEARCH_PATHS = (
					"$(inherited)",
					"@executable_path/Frameworks",
				);
				MARKETING_VERSION = 1.0;
				PRODUCT_BUNDLE_IDENTIFIER = com.romerousa.metallstroyAlmaty;
				PRODUCT_NAME = "$(TARGET_NAME)";
				SWIFT_EMIT_LOC_STRINGS = YES;
				SWIFT_VERSION = 5.0;
				TARGETED_DEVICE_FAMILY = "1,2";
			};
			name = Release;
		};
/* End XCBuildConfiguration section */

/* Begin XCConfigurationList section */
		9E91AE282A5FC91700465E93 /* Build configuration list for PBXProject "metallstroyAlmaty" */ = {
			isa = XCConfigurationList;
			buildConfigurations = (
				9E91AE392A5FC91800465E93 /* Debug */,
				9E91AE3A2A5FC91800465E93 /* Release */,
			);
			defaultConfigurationIsVisible = 0;
			defaultConfigurationName = Release;
		};
		9E91AE3B2A5FC91800465E93 /* Build configuration list for PBXNativeTarget "metallstroyAlmaty" */ = {
			isa = XCConfigurationList;
			buildConfigurations = (
				9E91AE3C2A5FC91800465E93 /* Debug */,
				9E91AE3D2A5FC91800465E93 /* Release */,
			);
			defaultConfigurationIsVisible = 0;
			defaultConfigurationName = Release;
		};
/* End XCConfigurationList section */
	};
	rootObject = 9E91AE252A5FC91700465E93 /* Project object */;
}
